// !$*UTF8*$!
{
	archiveVersion = 1;
	classes = {
	};
	objectVersion = 46;
	objects = {

/* Begin PBXBuildFile section */
		26A3DCB51E25F56300E666EC /* AppDelegate.m in Sources */ = {isa = PBXBuildFile; fileRef = 26A3DCB41E25F56300E666EC /* AppDelegate.m */; };
		26A3DCB81E25F56300E666EC /* main.m in Sources */ = {isa = PBXBuildFile; fileRef = 26A3DCB71E25F56300E666EC /* main.m */; };
		26A3DCBA1E25F56300E666EC /* Assets.xcassets in Resources */ = {isa = PBXBuildFile; fileRef = 26A3DCB91E25F56300E666EC /* Assets.xcassets */; };
		26A3DCBD1E25F56300E666EC /* MainMenu.xib in Resources */ = {isa = PBXBuildFile; fileRef = 26A3DCBB1E25F56300E666EC /* MainMenu.xib */; };
		26A3DCC61E25F56E00E666EC /* MiniSynthView.m in Sources */ = {isa = PBXBuildFile; fileRef = 26A3DCC51E25F56E00E666EC /* MiniSynthView.m */; };
		26A3DCCA1E25F94E00E666EC /* SMTNavigationView.m in Sources */ = {isa = PBXBuildFile; fileRef = 26A3DCC91E25F94E00E666EC /* SMTNavigationView.m */; };
/* End PBXBuildFile section */

/* Begin PBXFileReference section */
		26A3DCB01E25F56300E666EC /* SynthUI.app */ = {isa = PBXFileReference; explicitFileType = wrapper.application; includeInIndex = 0; path = SynthUI.app; sourceTree = BUILT_PRODUCTS_DIR; };
		26A3DCB31E25F56300E666EC /* AppDelegate.h */ = {isa = PBXFileReference; lastKnownFileType = sourcecode.c.h; path = AppDelegate.h; sourceTree = "<group>"; };
		26A3DCB41E25F56300E666EC /* AppDelegate.m */ = {isa = PBXFileReference; lastKnownFileType = sourcecode.c.objc; path = AppDelegate.m; sourceTree = "<group>"; };
		26A3DCB71E25F56300E666EC /* main.m */ = {isa = PBXFileReference; lastKnownFileType = sourcecode.c.objc; path = main.m; sourceTree = "<group>"; };
		26A3DCB91E25F56300E666EC /* Assets.xcassets */ = {isa = PBXFileReference; lastKnownFileType = folder.assetcatalog; path = Assets.xcassets; sourceTree = "<group>"; };
		26A3DCBC1E25F56300E666EC /* Base */ = {isa = PBXFileReference; lastKnownFileType = file.xib; name = Base; path = Base.lproj/MainMenu.xib; sourceTree = "<group>"; };
		26A3DCBE1E25F56300E666EC /* Info.plist */ = {isa = PBXFileReference; lastKnownFileType = text.plist.xml; path = Info.plist; sourceTree = "<group>"; };
		26A3DCC41E25F56E00E666EC /* MiniSynthView.h */ = {isa = PBXFileReference; fileEncoding = 4; lastKnownFileType = sourcecode.c.h; path = MiniSynthView.h; sourceTree = "<group>"; };
		26A3DCC51E25F56E00E666EC /* MiniSynthView.m */ = {isa = PBXFileReference; fileEncoding = 4; lastKnownFileType = sourcecode.c.objc; path = MiniSynthView.m; sourceTree = "<group>"; };
		26A3DCC81E25F94E00E666EC /* SMTNavigationView.h */ = {isa = PBXFileReference; fileEncoding = 4; lastKnownFileType = sourcecode.c.h; path = SMTNavigationView.h; sourceTree = "<group>"; };
		26A3DCC91E25F94E00E666EC /* SMTNavigationView.m */ = {isa = PBXFileReference; fileEncoding = 4; lastKnownFileType = sourcecode.c.objc; path = SMTNavigationView.m; sourceTree = "<group>"; };
/* End PBXFileReference section */

/* Begin PBXFrameworksBuildPhase section */
		26A3DCAD1E25F56300E666EC /* Frameworks */ = {
			isa = PBXFrameworksBuildPhase;
			buildActionMask = 2147483647;
			files = (
			);
			runOnlyForDeploymentPostprocessing = 0;
		};
/* End PBXFrameworksBuildPhase section */

/* Begin PBXGroup section */
		26A3DCA71E25F56300E666EC = {
			isa = PBXGroup;
			children = (
				26A3DCB21E25F56300E666EC /* SynthUI */,
				26A3DCB11E25F56300E666EC /* Products */,
			);
			sourceTree = "<group>";
		};
		26A3DCB11E25F56300E666EC /* Products */ = {
			isa = PBXGroup;
			children = (
				26A3DCB01E25F56300E666EC /* SynthUI.app */,
			);
			name = Products;
			sourceTree = "<group>";
		};
		26A3DCB21E25F56300E666EC /* SynthUI */ = {
			isa = PBXGroup;
			children = (
				26A3DCB31E25F56300E666EC /* AppDelegate.h */,
				26A3DCB41E25F56300E666EC /* AppDelegate.m */,
				26A3DCB91E25F56300E666EC /* Assets.xcassets */,
				26A3DCBB1E25F56300E666EC /* MainMenu.xib */,
				26A3DCBE1E25F56300E666EC /* Info.plist */,
				26A3DCC71E25F6DB00E666EC /* View */,
				26A3DCB61E25F56300E666EC /* Supporting Files */,
			);
			path = SynthUI;
			sourceTree = "<group>";
		};
		26A3DCB61E25F56300E666EC /* Supporting Files */ = {
			isa = PBXGroup;
			children = (
				26A3DCB71E25F56300E666EC /* main.m */,
			);
			name = "Supporting Files";
			sourceTree = "<group>";
		};
		26A3DCC71E25F6DB00E666EC /* View */ = {
			isa = PBXGroup;
			children = (
				26A3DCC41E25F56E00E666EC /* MiniSynthView.h */,
				26A3DCC51E25F56E00E666EC /* MiniSynthView.m */,
				26A3DCC81E25F94E00E666EC /* SMTNavigationView.h */,
				26A3DCC91E25F94E00E666EC /* SMTNavigationView.m */,
			);
			name = View;
			sourceTree = "<group>";
		};
/* End PBXGroup section */

/* Begin PBXNativeTarget section */
		26A3DCAF1E25F56300E666EC /* SynthUI */ = {
			isa = PBXNativeTarget;
			buildConfigurationList = 26A3DCC11E25F56300E666EC /* Build configuration list for PBXNativeTarget "SynthUI" */;
			buildPhases = (
				26A3DCAC1E25F56300E666EC /* Sources */,
				26A3DCAD1E25F56300E666EC /* Frameworks */,
				26A3DCAE1E25F56300E666EC /* Resources */,
			);
			buildRules = (
			);
			dependencies = (
			);
			name = SynthUI;
			productName = SynthUI;
			productReference = 26A3DCB01E25F56300E666EC /* SynthUI.app */;
			productType = "com.apple.product-type.application";
		};
/* End PBXNativeTarget section */

/* Begin PBXProject section */
		26A3DCA81E25F56300E666EC /* Project object */ = {
			isa = PBXProject;
			attributes = {
				LastUpgradeCheck = 0820;
				ORGANIZATIONNAME = Sommaht;
				TargetAttributes = {
					26A3DCAF1E25F56300E666EC = {
						CreatedOnToolsVersion = 8.2.1;
						DevelopmentTeam = 2C2PMAPW3B;
						ProvisioningStyle = Automatic;
					};
				};
			};
			buildConfigurationList = 26A3DCAB1E25F56300E666EC /* Build configuration list for PBXProject "SynthUI" */;
			compatibilityVersion = "Xcode 3.2";
			developmentRegion = English;
			hasScannedForEncodings = 0;
			knownRegions = (
				en,
				Base,
			);
			mainGroup = 26A3DCA71E25F56300E666EC;
			productRefGroup = 26A3DCB11E25F56300E666EC /* Products */;
			projectDirPath = "";
			projectRoot = "";
			targets = (
				26A3DCAF1E25F56300E666EC /* SynthUI */,
			);
		};
/* End PBXProject section */

/* Begin PBXResourcesBuildPhase section */
		26A3DCAE1E25F56300E666EC /* Resources */ = {
			isa = PBXResourcesBuildPhase;
			buildActionMask = 2147483647;
			files = (
				26A3DCBA1E25F56300E666EC /* Assets.xcassets in Resources */,
				26A3DCBD1E25F56300E666EC /* MainMenu.xib in Resources */,
			);
			runOnlyForDeploymentPostprocessing = 0;
		};
/* End PBXResourcesBuildPhase section */

/* Begin PBXSourcesBuildPhase section */
		26A3DCAC1E25F56300E666EC /* Sources */ = {
			isa = PBXSourcesBuildPhase;
			buildActionMask = 2147483647;
			files = (
				26A3DCC61E25F56E00E666EC /* MiniSynthView.m in Sources */,
				26A3DCB81E25F56300E666EC /* main.m in Sources */,
				26A3DCCA1E25F94E00E666EC /* SMTNavigationView.m in Sources */,
				26A3DCB51E25F56300E666EC /* AppDelegate.m in Sources */,
			);
			runOnlyForDeploymentPostprocessing = 0;
		};
/* End PBXSourcesBuildPhase section */

/* Begin PBXVariantGroup section */
		26A3DCBB1E25F56300E666EC /* MainMenu.xib */ = {
			isa = PBXVariantGroup;
			children = (
				26A3DCBC1E25F56300E666EC /* Base */,
			);
			name = MainMenu.xib;
			sourceTree = "<group>";
		};
/* End PBXVariantGroup section */

/* Begin XCBuildConfiguration section */
		26A3DCBF1E25F56300E666EC /* Debug */ = {
			isa = XCBuildConfiguration;
			buildSettings = {
				ALWAYS_SEARCH_USER_PATHS = NO;
				CLANG_ANALYZER_NONNULL = YES;
				CLANG_CXX_LANGUAGE_STANDARD = "gnu++0x";
				CLANG_CXX_LIBRARY = "libc++";
				CLANG_ENABLE_MODULES = YES;
				CLANG_ENABLE_OBJC_ARC = YES;
				CLANG_WARN_BOOL_CONVERSION = YES;
				CLANG_WARN_CONSTANT_CONVERSION = YES;
				CLANG_WARN_DIRECT_OBJC_ISA_USAGE = YES_ERROR;
				CLANG_WARN_DOCUMENTATION_COMMENTS = YES;
				CLANG_WARN_EMPTY_BODY = YES;
				CLANG_WARN_ENUM_CONVERSION = YES;
				CLANG_WARN_INFINITE_RECURSION = YES;
				CLANG_WARN_INT_CONVERSION = YES;
				CLANG_WARN_OBJC_ROOT_CLASS = YES_ERROR;
				CLANG_WARN_SUSPICIOUS_MOVE = YES;
				CLANG_WARN_UNREACHABLE_CODE = YES;
				CLANG_WARN__DUPLICATE_METHOD_MATCH = YES;
				CODE_SIGN_IDENTITY = "-";
				COPY_PHASE_STRIP = NO;
				DEBUG_INFORMATION_FORMAT = dwarf;
				ENABLE_STRICT_OBJC_MSGSEND = YES;
				ENABLE_TESTABILITY = YES;
				GCC_C_LANGUAGE_STANDARD = gnu99;
				GCC_DYNAMIC_NO_PIC = NO;
				GCC_NO_COMMON_BLOCKS = YES;
				GCC_OPTIMIZATION_LEVEL = 0;
				GCC_PREPROCESSOR_DEFINITIONS = (
					"DEBUG=1",
					"$(inherited)",
				);
				GCC_WARN_64_TO_32_BIT_CONVERSION = YES;
				GCC_WARN_ABOUT_RETURN_TYPE = YES_ERROR;
				GCC_WARN_UNDECLARED_SELECTOR = YES;
				GCC_WARN_UNINITIALIZED_AUTOS = YES_AGGRESSIVE;
				GCC_WARN_UNUSED_FUNCTION = YES;
				GCC_WARN_UNUSED_VARIABLE = YES;
				MACOSX_DEPLOYMENT_TARGET = 10.12;
				MTL_ENABLE_DEBUG_INFO = YES;
				ONLY_ACTIVE_ARCH = YES;
				SDKROOT = macosx;
			};
			name = Debug;
		};
		26A3DCC01E25F56300E666EC /* Release */ = {
			isa = XCBuildConfiguration;
			buildSettings = {
				ALWAYS_SEARCH_USER_PATHS = NO;
				CLANG_ANALYZER_NONNULL = YES;
				CLANG_CXX_LANGUAGE_STANDARD = "gnu++0x";
				CLANG_CXX_LIBRARY = "libc++";
				CLANG_ENABLE_MODULES = YES;
				CLANG_ENABLE_OBJC_ARC = YES;
				CLANG_WARN_BOOL_CONVERSION = YES;
				CLANG_WARN_CONSTANT_CONVERSION = YES;
				CLANG_WARN_DIRECT_OBJC_ISA_USAGE = YES_ERROR;
				CLANG_WARN_DOCUMENTATION_COMMENTS = YES;
				CLANG_WARN_EMPTY_BODY = YES;
				CLANG_WARN_ENUM_CONVERSION = YES;
				CLANG_WARN_INFINITE_RECURSION = YES;
				CLANG_WARN_INT_CONVERSION = YES;
				CLANG_WARN_OBJC_ROOT_CLASS = YES_ERROR;
				CLANG_WARN_SUSPICIOUS_MOVE = YES;
				CLANG_WARN_UNREACHABLE_CODE = YES;
				CLANG_WARN__DUPLICATE_METHOD_MATCH = YES;
				CODE_SIGN_IDENTITY = "-";
				COPY_PHASE_STRIP = NO;
				DEBUG_INFORMATION_FORMAT = "dwarf-with-dsym";
				ENABLE_NS_ASSERTIONS = NO;
				ENABLE_STRICT_OBJC_MSGSEND = YES;
				GCC_C_LANGUAGE_STANDARD = gnu99;
				GCC_NO_COMMON_BLOCKS = YES;
				GCC_WARN_64_TO_32_BIT_CONVERSION = YES;
				GCC_WARN_ABOUT_RETURN_TYPE = YES_ERROR;
				GCC_WARN_UNDECLARED_SELECTOR = YES;
				GCC_WARN_UNINITIALIZED_AUTOS = YES_AGGRESSIVE;
				GCC_WARN_UNUSED_FUNCTION = YES;
				GCC_WARN_UNUSED_VARIABLE = YES;
				MACOSX_DEPLOYMENT_TARGET = 10.12;
				MTL_ENABLE_DEBUG_INFO = NO;
				SDKROOT = macosx;
			};
			name = Release;
		};
		26A3DCC21E25F56300E666EC /* Debug */ = {
			isa = XCBuildConfiguration;
			buildSettings = {
				ASSETCATALOG_COMPILER_APPICON_NAME = AppIcon;
				COMBINE_HIDPI_IMAGES = YES;
				DEVELOPMENT_TEAM = 2C2PMAPW3B;
				INFOPLIST_FILE = SynthUI/Info.plist;
				LD_RUNPATH_SEARCH_PATHS = "$(inherited) @executable_path/../Frameworks";
				PRODUCT_BUNDLE_IDENTIFIER = com.Sommaht.SynthUI;
				PRODUCT_NAME = "$(TARGET_NAME)";
			};
			name = Debug;
		};
		26A3DCC31E25F56300E666EC /* Release */ = {
			isa = XCBuildConfiguration;
			buildSettings = {
				ASSETCATALOG_COMPILER_APPICON_NAME = AppIcon;
				COMBINE_HIDPI_IMAGES = YES;
				DEVELOPMENT_TEAM = 2C2PMAPW3B;
				INFOPLIST_FILE = SynthUI/Info.plist;
				LD_RUNPATH_SEARCH_PATHS = "$(inherited) @executable_path/../Frameworks";
				PRODUCT_BUNDLE_IDENTIFIER = com.Sommaht.SynthUI;
				PRODUCT_NAME = "$(TARGET_NAME)";
			};
			name = Release;
		};
/* End XCBuildConfiguration section */

/* Begin XCConfigurationList section */
		26A3DCAB1E25F56300E666EC /* Build configuration list for PBXProject "SynthUI" */ = {
			isa = XCConfigurationList;
			buildConfigurations = (
				26A3DCBF1E25F56300E666EC /* Debug */,
				26A3DCC01E25F56300E666EC /* Release */,
			);
			defaultConfigurationIsVisible = 0;
			defaultConfigurationName = Release;
		};
		26A3DCC11E25F56300E666EC /* Build configuration list for PBXNativeTarget "SynthUI" */ = {
			isa = XCConfigurationList;
			buildConfigurations = (
				26A3DCC21E25F56300E666EC /* Debug */,
				26A3DCC31E25F56300E666EC /* Release */,
			);
			defaultConfigurationIsVisible = 0;
		};
/* End XCConfigurationList section */
	};
	rootObject = 26A3DCA81E25F56300E666EC /* Project object */;
}
