// !$*UTF8*$!
{
	archiveVersion = 1;
	classes = {
	};
	objectVersion = 46;
	objects = {

/* Begin PBXBuildFile section */
		268EF2141E2DA58A00A90297 /* knob_big_scale.png in Resources */ = {isa = PBXBuildFile; fileRef = 268EF2121E2DA58A00A90297 /* knob_big_scale.png */; };
		268EF2151E2DA58A00A90297 /* knob_mid_scale.png in Resources */ = {isa = PBXBuildFile; fileRef = 268EF2131E2DA58A00A90297 /* knob_mid_scale.png */; };
		26A3DCB51E25F56300E666EC /* AppDelegate.m in Sources */ = {isa = PBXBuildFile; fileRef = 26A3DCB41E25F56300E666EC /* AppDelegate.m */; };
		26A3DCB81E25F56300E666EC /* main.m in Sources */ = {isa = PBXBuildFile; fileRef = 26A3DCB71E25F56300E666EC /* main.m */; };
		26A3DCBA1E25F56300E666EC /* Assets.xcassets in Resources */ = {isa = PBXBuildFile; fileRef = 26A3DCB91E25F56300E666EC /* Assets.xcassets */; };
		26A3DCBD1E25F56300E666EC /* MainMenu.xib in Resources */ = {isa = PBXBuildFile; fileRef = 26A3DCBB1E25F56300E666EC /* MainMenu.xib */; };
		26A3DCC61E25F56E00E666EC /* MiniSynthView.m in Sources */ = {isa = PBXBuildFile; fileRef = 26A3DCC51E25F56E00E666EC /* MiniSynthView.m */; };
		26A3DCCA1E25F94E00E666EC /* SMTHeaderView.m in Sources */ = {isa = PBXBuildFile; fileRef = 26A3DCC91E25F94E00E666EC /* SMTHeaderView.m */; };
		4A33F80C1E26EB850033A93B /* SMTButton.m in Sources */ = {isa = PBXBuildFile; fileRef = 4A33F80B1E26EB850033A93B /* SMTButton.m */; };
		4A33F80F1E26EC410033A93B /* SMTButtonCell.m in Sources */ = {isa = PBXBuildFile; fileRef = 4A33F80E1E26EC410033A93B /* SMTButtonCell.m */; };
		4A33F8111E270C2F0033A93B /* button_big.png in Resources */ = {isa = PBXBuildFile; fileRef = 4A33F8101E270C2F0033A93B /* button_big.png */; };
		4A33F8171E271C9A0033A93B /* SMTConstants.m in Sources */ = {isa = PBXBuildFile; fileRef = 4A33F8161E271C9A0033A93B /* SMTConstants.m */; };
		4A33F8251E2827A20033A93B /* SMTSynthView.m in Sources */ = {isa = PBXBuildFile; fileRef = 4A33F8241E2827A20033A93B /* SMTSynthView.m */; };
		4A33F8281E28416E0033A93B /* SMTPageKeyboardView.m in Sources */ = {isa = PBXBuildFile; fileRef = 4A33F8271E28416E0033A93B /* SMTPageKeyboardView.m */; };
		4A33F82B1E2841B80033A93B /* SMTPageOscillatorsView.m in Sources */ = {isa = PBXBuildFile; fileRef = 4A33F82A1E2841B80033A93B /* SMTPageOscillatorsView.m */; };
		4A33F82E1E2841E20033A93B /* SMTPageModulationView.m in Sources */ = {isa = PBXBuildFile; fileRef = 4A33F82D1E2841E20033A93B /* SMTPageModulationView.m */; };
		4A33F8311E2841F70033A93B /* SMTPageFiltersView.m in Sources */ = {isa = PBXBuildFile; fileRef = 4A33F8301E2841F70033A93B /* SMTPageFiltersView.m */; };
		4A33F8341E2842020033A93B /* SMTPageFxView.m in Sources */ = {isa = PBXBuildFile; fileRef = 4A33F8331E2842020033A93B /* SMTPageFxView.m */; };
		4A33F8381E2851310033A93B /* SMTControlKnob.m in Sources */ = {isa = PBXBuildFile; fileRef = 4A33F8371E2851310033A93B /* SMTControlKnob.m */; };
		4A33F83B1E2856A40033A93B /* SMTSpriteCell.m in Sources */ = {isa = PBXBuildFile; fileRef = 4A33F83A1E2856A40033A93B /* SMTSpriteCell.m */; };
		4A33F83F1E2859750033A93B /* knob_light_big_2x(1x128).png in Resources */ = {isa = PBXBuildFile; fileRef = 4A33F83C1E2859740033A93B /* knob_light_big_2x(1x128).png */; };
		4A33F8401E2859750033A93B /* knob_light_mid_2x(1x128).png in Resources */ = {isa = PBXBuildFile; fileRef = 4A33F83D1E2859750033A93B /* knob_light_mid_2x(1x128).png */; };
		4A33F8411E2859750033A93B /* knob_light_small_2x(1x128).png in Resources */ = {isa = PBXBuildFile; fileRef = 4A33F83E1E2859750033A93B /* knob_light_small_2x(1x128).png */; };
		4A33F84D1E298B370033A93B /* button_big_orange.png in Resources */ = {isa = PBXBuildFile; fileRef = 4A33F84A1E298B370033A93B /* button_big_orange.png */; };
		4A33F84E1E298B370033A93B /* button_small_orange.png in Resources */ = {isa = PBXBuildFile; fileRef = 4A33F84B1E298B370033A93B /* button_small_orange.png */; };
		4A33F84F1E298B370033A93B /* button_small.png in Resources */ = {isa = PBXBuildFile; fileRef = 4A33F84C1E298B370033A93B /* button_small.png */; };
		4A33F8531E298C2F0033A93B /* knob_dark_big_2x(1x128).png in Resources */ = {isa = PBXBuildFile; fileRef = 4A33F8501E298C2F0033A93B /* knob_dark_big_2x(1x128).png */; };
		4A33F8541E298C2F0033A93B /* knob_dark_mid_2x(1x128).png in Resources */ = {isa = PBXBuildFile; fileRef = 4A33F8511E298C2F0033A93B /* knob_dark_mid_2x(1x128).png */; };
		4A33F8551E298C2F0033A93B /* knob_dark_small_2x(1x128).png in Resources */ = {isa = PBXBuildFile; fileRef = 4A33F8521E298C2F0033A93B /* knob_dark_small_2x(1x128).png */; };
		4A33F85B1E298CC20033A93B /* led_hover.png in Resources */ = {isa = PBXBuildFile; fileRef = 4A33F8581E298CC20033A93B /* led_hover.png */; };
		4A33F85C1E298CC20033A93B /* led_off.png in Resources */ = {isa = PBXBuildFile; fileRef = 4A33F8591E298CC20033A93B /* led_off.png */; };
		4A33F85D1E298CC20033A93B /* led_on.png in Resources */ = {isa = PBXBuildFile; fileRef = 4A33F85A1E298CC20033A93B /* led_on.png */; };
		4A33F8601E298CCE0033A93B /* fader_with_shadow_dark.png in Resources */ = {isa = PBXBuildFile; fileRef = 4A33F85E1E298CCE0033A93B /* fader_with_shadow_dark.png */; };
		4A33F8611E298CCE0033A93B /* scale_dark.png in Resources */ = {isa = PBXBuildFile; fileRef = 4A33F85F1E298CCE0033A93B /* scale_dark.png */; };
		4A33F8641E298D490033A93B /* fader_with_shadow.png in Resources */ = {isa = PBXBuildFile; fileRef = 4A33F8621E298D490033A93B /* fader_with_shadow.png */; };
		4A33F8651E298D490033A93B /* scale.png in Resources */ = {isa = PBXBuildFile; fileRef = 4A33F8631E298D490033A93B /* scale.png */; };
/* End PBXBuildFile section */

/* Begin PBXFileReference section */
		268EF2121E2DA58A00A90297 /* knob_big_scale.png */ = {isa = PBXFileReference; lastKnownFileType = image.png; path = knob_big_scale.png; sourceTree = "<group>"; };
		268EF2131E2DA58A00A90297 /* knob_mid_scale.png */ = {isa = PBXFileReference; lastKnownFileType = image.png; path = knob_mid_scale.png; sourceTree = "<group>"; };
		26A3DCB01E25F56300E666EC /* SynthUI.app */ = {isa = PBXFileReference; explicitFileType = wrapper.application; includeInIndex = 0; path = SynthUI.app; sourceTree = BUILT_PRODUCTS_DIR; };
		26A3DCB31E25F56300E666EC /* AppDelegate.h */ = {isa = PBXFileReference; lastKnownFileType = sourcecode.c.h; path = AppDelegate.h; sourceTree = "<group>"; };
		26A3DCB41E25F56300E666EC /* AppDelegate.m */ = {isa = PBXFileReference; lastKnownFileType = sourcecode.c.objc; path = AppDelegate.m; sourceTree = "<group>"; };
		26A3DCB71E25F56300E666EC /* main.m */ = {isa = PBXFileReference; lastKnownFileType = sourcecode.c.objc; path = main.m; sourceTree = "<group>"; };
		26A3DCB91E25F56300E666EC /* Assets.xcassets */ = {isa = PBXFileReference; lastKnownFileType = folder.assetcatalog; path = Assets.xcassets; sourceTree = "<group>"; };
		26A3DCBC1E25F56300E666EC /* Base */ = {isa = PBXFileReference; lastKnownFileType = file.xib; name = Base; path = Base.lproj/MainMenu.xib; sourceTree = "<group>"; };
		26A3DCBE1E25F56300E666EC /* Info.plist */ = {isa = PBXFileReference; lastKnownFileType = text.plist.xml; path = Info.plist; sourceTree = "<group>"; };
		26A3DCC41E25F56E00E666EC /* MiniSynthView.h */ = {isa = PBXFileReference; fileEncoding = 4; lastKnownFileType = sourcecode.c.h; path = MiniSynthView.h; sourceTree = "<group>"; };
		26A3DCC51E25F56E00E666EC /* MiniSynthView.m */ = {isa = PBXFileReference; fileEncoding = 4; lastKnownFileType = sourcecode.c.objc; path = MiniSynthView.m; sourceTree = "<group>"; };
		26A3DCC81E25F94E00E666EC /* SMTHeaderView.h */ = {isa = PBXFileReference; fileEncoding = 4; lastKnownFileType = sourcecode.c.h; path = SMTHeaderView.h; sourceTree = "<group>"; };
		26A3DCC91E25F94E00E666EC /* SMTHeaderView.m */ = {isa = PBXFileReference; fileEncoding = 4; lastKnownFileType = sourcecode.c.objc; path = SMTHeaderView.m; sourceTree = "<group>"; };
		4A33F80A1E26EB850033A93B /* SMTButton.h */ = {isa = PBXFileReference; fileEncoding = 4; lastKnownFileType = sourcecode.c.h; path = SMTButton.h; sourceTree = "<group>"; };
		4A33F80B1E26EB850033A93B /* SMTButton.m */ = {isa = PBXFileReference; fileEncoding = 4; lastKnownFileType = sourcecode.c.objc; path = SMTButton.m; sourceTree = "<group>"; };
		4A33F80D1E26EC410033A93B /* SMTButtonCell.h */ = {isa = PBXFileReference; fileEncoding = 4; lastKnownFileType = sourcecode.c.h; path = SMTButtonCell.h; sourceTree = "<group>"; };
		4A33F80E1E26EC410033A93B /* SMTButtonCell.m */ = {isa = PBXFileReference; fileEncoding = 4; lastKnownFileType = sourcecode.c.objc; path = SMTButtonCell.m; sourceTree = "<group>"; };
		4A33F8101E270C2F0033A93B /* button_big.png */ = {isa = PBXFileReference; lastKnownFileType = image.png; path = button_big.png; sourceTree = "<group>"; };
		4A33F8151E271C8A0033A93B /* SMTConstants.h */ = {isa = PBXFileReference; fileEncoding = 4; lastKnownFileType = sourcecode.c.h; path = SMTConstants.h; sourceTree = "<group>"; };
		4A33F8161E271C9A0033A93B /* SMTConstants.m */ = {isa = PBXFileReference; fileEncoding = 4; lastKnownFileType = sourcecode.c.objc; path = SMTConstants.m; sourceTree = "<group>"; };
		4A33F8231E2827A20033A93B /* SMTSynthView.h */ = {isa = PBXFileReference; fileEncoding = 4; lastKnownFileType = sourcecode.c.h; path = SMTSynthView.h; sourceTree = "<group>"; };
		4A33F8241E2827A20033A93B /* SMTSynthView.m */ = {isa = PBXFileReference; fileEncoding = 4; lastKnownFileType = sourcecode.c.objc; path = SMTSynthView.m; sourceTree = "<group>"; };
		4A33F8261E28416E0033A93B /* SMTPageKeyboardView.h */ = {isa = PBXFileReference; fileEncoding = 4; lastKnownFileType = sourcecode.c.h; path = SMTPageKeyboardView.h; sourceTree = "<group>"; };
		4A33F8271E28416E0033A93B /* SMTPageKeyboardView.m */ = {isa = PBXFileReference; fileEncoding = 4; lastKnownFileType = sourcecode.c.objc; path = SMTPageKeyboardView.m; sourceTree = "<group>"; };
		4A33F8291E2841B80033A93B /* SMTPageOscillatorsView.h */ = {isa = PBXFileReference; fileEncoding = 4; lastKnownFileType = sourcecode.c.h; path = SMTPageOscillatorsView.h; sourceTree = "<group>"; };
		4A33F82A1E2841B80033A93B /* SMTPageOscillatorsView.m */ = {isa = PBXFileReference; fileEncoding = 4; lastKnownFileType = sourcecode.c.objc; path = SMTPageOscillatorsView.m; sourceTree = "<group>"; };
		4A33F82C1E2841E20033A93B /* SMTPageModulationView.h */ = {isa = PBXFileReference; fileEncoding = 4; lastKnownFileType = sourcecode.c.h; path = SMTPageModulationView.h; sourceTree = "<group>"; };
		4A33F82D1E2841E20033A93B /* SMTPageModulationView.m */ = {isa = PBXFileReference; fileEncoding = 4; lastKnownFileType = sourcecode.c.objc; path = SMTPageModulationView.m; sourceTree = "<group>"; };
		4A33F82F1E2841F70033A93B /* SMTPageFiltersView.h */ = {isa = PBXFileReference; fileEncoding = 4; lastKnownFileType = sourcecode.c.h; path = SMTPageFiltersView.h; sourceTree = "<group>"; };
		4A33F8301E2841F70033A93B /* SMTPageFiltersView.m */ = {isa = PBXFileReference; fileEncoding = 4; lastKnownFileType = sourcecode.c.objc; path = SMTPageFiltersView.m; sourceTree = "<group>"; };
		4A33F8321E2842020033A93B /* SMTPageFxView.h */ = {isa = PBXFileReference; fileEncoding = 4; lastKnownFileType = sourcecode.c.h; path = SMTPageFxView.h; sourceTree = "<group>"; };
		4A33F8331E2842020033A93B /* SMTPageFxView.m */ = {isa = PBXFileReference; fileEncoding = 4; lastKnownFileType = sourcecode.c.objc; path = SMTPageFxView.m; sourceTree = "<group>"; };
		4A33F8361E2851310033A93B /* SMTControlKnob.h */ = {isa = PBXFileReference; fileEncoding = 4; lastKnownFileType = sourcecode.c.h; path = SMTControlKnob.h; sourceTree = "<group>"; };
		4A33F8371E2851310033A93B /* SMTControlKnob.m */ = {isa = PBXFileReference; fileEncoding = 4; lastKnownFileType = sourcecode.c.objc; path = SMTControlKnob.m; sourceTree = "<group>"; };
		4A33F8391E2856A40033A93B /* SMTSpriteCell.h */ = {isa = PBXFileReference; fileEncoding = 4; lastKnownFileType = sourcecode.c.h; path = SMTSpriteCell.h; sourceTree = "<group>"; };
		4A33F83A1E2856A40033A93B /* SMTSpriteCell.m */ = {isa = PBXFileReference; fileEncoding = 4; lastKnownFileType = sourcecode.c.objc; path = SMTSpriteCell.m; sourceTree = "<group>"; };
		4A33F83C1E2859740033A93B /* knob_light_big_2x(1x128).png */ = {isa = PBXFileReference; lastKnownFileType = image.png; path = "knob_light_big_2x(1x128).png"; sourceTree = "<group>"; };
		4A33F83D1E2859750033A93B /* knob_light_mid_2x(1x128).png */ = {isa = PBXFileReference; lastKnownFileType = image.png; path = "knob_light_mid_2x(1x128).png"; sourceTree = "<group>"; };
		4A33F83E1E2859750033A93B /* knob_light_small_2x(1x128).png */ = {isa = PBXFileReference; lastKnownFileType = image.png; path = "knob_light_small_2x(1x128).png"; sourceTree = "<group>"; };
		4A33F84A1E298B370033A93B /* button_big_orange.png */ = {isa = PBXFileReference; lastKnownFileType = image.png; path = button_big_orange.png; sourceTree = "<group>"; };
		4A33F84B1E298B370033A93B /* button_small_orange.png */ = {isa = PBXFileReference; lastKnownFileType = image.png; path = button_small_orange.png; sourceTree = "<group>"; };
		4A33F84C1E298B370033A93B /* button_small.png */ = {isa = PBXFileReference; lastKnownFileType = image.png; path = button_small.png; sourceTree = "<group>"; };
		4A33F8501E298C2F0033A93B /* knob_dark_big_2x(1x128).png */ = {isa = PBXFileReference; lastKnownFileType = image.png; path = "knob_dark_big_2x(1x128).png"; sourceTree = "<group>"; };
		4A33F8511E298C2F0033A93B /* knob_dark_mid_2x(1x128).png */ = {isa = PBXFileReference; lastKnownFileType = image.png; path = "knob_dark_mid_2x(1x128).png"; sourceTree = "<group>"; };
		4A33F8521E298C2F0033A93B /* knob_dark_small_2x(1x128).png */ = {isa = PBXFileReference; lastKnownFileType = image.png; path = "knob_dark_small_2x(1x128).png"; sourceTree = "<group>"; };
		4A33F8581E298CC20033A93B /* led_hover.png */ = {isa = PBXFileReference; lastKnownFileType = image.png; path = led_hover.png; sourceTree = "<group>"; };
		4A33F8591E298CC20033A93B /* led_off.png */ = {isa = PBXFileReference; lastKnownFileType = image.png; path = led_off.png; sourceTree = "<group>"; };
		4A33F85A1E298CC20033A93B /* led_on.png */ = {isa = PBXFileReference; lastKnownFileType = image.png; path = led_on.png; sourceTree = "<group>"; };
		4A33F85E1E298CCE0033A93B /* fader_with_shadow_dark.png */ = {isa = PBXFileReference; lastKnownFileType = image.png; path = fader_with_shadow_dark.png; sourceTree = "<group>"; };
		4A33F85F1E298CCE0033A93B /* scale_dark.png */ = {isa = PBXFileReference; lastKnownFileType = image.png; path = scale_dark.png; sourceTree = "<group>"; };
		4A33F8621E298D490033A93B /* fader_with_shadow.png */ = {isa = PBXFileReference; lastKnownFileType = image.png; path = fader_with_shadow.png; sourceTree = "<group>"; };
		4A33F8631E298D490033A93B /* scale.png */ = {isa = PBXFileReference; lastKnownFileType = image.png; path = scale.png; sourceTree = "<group>"; };
/* End PBXFileReference section */

/* Begin PBXFrameworksBuildPhase section */
		26A3DCAD1E25F56300E666EC /* Frameworks */ = {
			isa = PBXFrameworksBuildPhase;
			buildActionMask = 2147483647;
			files = (
			);
			runOnlyForDeploymentPostprocessing = 0;
		};
/* End PBXFrameworksBuildPhase section */

/* Begin PBXGroup section */
		268EF2101E29B34F00A90297 /* Buttons */ = {
			isa = PBXGroup;
			children = (
				4A33F8101E270C2F0033A93B /* button_big.png */,
				4A33F84A1E298B370033A93B /* button_big_orange.png */,
				4A33F84C1E298B370033A93B /* button_small.png */,
				4A33F84B1E298B370033A93B /* button_small_orange.png */,
			);
			name = Buttons;
			sourceTree = "<group>";
		};
		268EF2111E29B35C00A90297 /* Knobs */ = {
			isa = PBXGroup;
			children = (
				268EF2121E2DA58A00A90297 /* knob_big_scale.png */,
				268EF2131E2DA58A00A90297 /* knob_mid_scale.png */,
				4A33F83C1E2859740033A93B /* knob_light_big_2x(1x128).png */,
				4A33F83D1E2859750033A93B /* knob_light_mid_2x(1x128).png */,
				4A33F83E1E2859750033A93B /* knob_light_small_2x(1x128).png */,
				4A33F8501E298C2F0033A93B /* knob_dark_big_2x(1x128).png */,
				4A33F8511E298C2F0033A93B /* knob_dark_mid_2x(1x128).png */,
				4A33F8521E298C2F0033A93B /* knob_dark_small_2x(1x128).png */,
			);
			name = Knobs;
			sourceTree = "<group>";
		};
		26A3DCA71E25F56300E666EC = {
			isa = PBXGroup;
			children = (
				26A3DCB21E25F56300E666EC /* SynthUI */,
				26A3DCB11E25F56300E666EC /* Products */,
			);
			sourceTree = "<group>";
		};
		26A3DCB11E25F56300E666EC /* Products */ = {
			isa = PBXGroup;
			children = (
				26A3DCB01E25F56300E666EC /* SynthUI.app */,
			);
			name = Products;
			sourceTree = "<group>";
		};
		26A3DCB21E25F56300E666EC /* SynthUI */ = {
			isa = PBXGroup;
			children = (
				26A3DCB91E25F56300E666EC /* Assets.xcassets */,
				4A33F8091E26EAE80033A93B /* Images */,
				4AD252081E260DBD006477A7 /* App */,
				26A3DCC71E25F6DB00E666EC /* View */,
				26A3DCB61E25F56300E666EC /* Supporting Files */,
				26A3DCBB1E25F56300E666EC /* MainMenu.xib */,
			);
			path = SynthUI;
			sourceTree = "<group>";
		};
		26A3DCB61E25F56300E666EC /* Supporting Files */ = {
			isa = PBXGroup;
			children = (
				26A3DCB71E25F56300E666EC /* main.m */,
			);
			name = "Supporting Files";
			sourceTree = "<group>";
		};
		26A3DCC71E25F6DB00E666EC /* View */ = {
			isa = PBXGroup;
			children = (
				4A33F8481E286AD70033A93B /* Base */,
				4A33F8191E2723560033A93B /* UI */,
				4A33F8351E28420A0033A93B /* Pages */,
			);
			name = View;
			sourceTree = "<group>";
		};
		4A33F8091E26EAE80033A93B /* Images */ = {
			isa = PBXGroup;
			children = (
				268EF2101E29B34F00A90297 /* Buttons */,
				268EF2111E29B35C00A90297 /* Knobs */,
				4A33F8581E298CC20033A93B /* led_hover.png */,
				4A33F8591E298CC20033A93B /* led_off.png */,
				4A33F85A1E298CC20033A93B /* led_on.png */,
				4A33F85E1E298CCE0033A93B /* fader_with_shadow_dark.png */,
				4A33F8621E298D490033A93B /* fader_with_shadow.png */,
				4A33F85F1E298CCE0033A93B /* scale_dark.png */,
				4A33F8631E298D490033A93B /* scale.png */,
			);
			name = Images;
			sourceTree = "<group>";
		};
		4A33F8191E2723560033A93B /* UI */ = {
			isa = PBXGroup;
			children = (
				4A33F8231E2827A20033A93B /* SMTSynthView.h */,
				4A33F8241E2827A20033A93B /* SMTSynthView.m */,
				4A33F80A1E26EB850033A93B /* SMTButton.h */,
				4A33F80B1E26EB850033A93B /* SMTButton.m */,
				4A33F80D1E26EC410033A93B /* SMTButtonCell.h */,
				4A33F80E1E26EC410033A93B /* SMTButtonCell.m */,
				4A33F8361E2851310033A93B /* SMTControlKnob.h */,
				4A33F8371E2851310033A93B /* SMTControlKnob.m */,
				4A33F8391E2856A40033A93B /* SMTSpriteCell.h */,
				4A33F83A1E2856A40033A93B /* SMTSpriteCell.m */,
				26A3DCC81E25F94E00E666EC /* SMTHeaderView.h */,
				26A3DCC91E25F94E00E666EC /* SMTHeaderView.m */,
			);
			name = UI;
			sourceTree = "<group>";
		};
		4A33F8351E28420A0033A93B /* Pages */ = {
			isa = PBXGroup;
			children = (
				4A33F8261E28416E0033A93B /* SMTPageKeyboardView.h */,
				4A33F8271E28416E0033A93B /* SMTPageKeyboardView.m */,
				4A33F8291E2841B80033A93B /* SMTPageOscillatorsView.h */,
				4A33F82A1E2841B80033A93B /* SMTPageOscillatorsView.m */,
				4A33F82C1E2841E20033A93B /* SMTPageModulationView.h */,
				4A33F82D1E2841E20033A93B /* SMTPageModulationView.m */,
				4A33F82F1E2841F70033A93B /* SMTPageFiltersView.h */,
				4A33F8301E2841F70033A93B /* SMTPageFiltersView.m */,
				4A33F8321E2842020033A93B /* SMTPageFxView.h */,
				4A33F8331E2842020033A93B /* SMTPageFxView.m */,
			);
			name = Pages;
			sourceTree = "<group>";
		};
		4A33F8481E286AD70033A93B /* Base */ = {
			isa = PBXGroup;
			children = (
				26A3DCC41E25F56E00E666EC /* MiniSynthView.h */,
				26A3DCC51E25F56E00E666EC /* MiniSynthView.m */,
				4A33F8151E271C8A0033A93B /* SMTConstants.h */,
				4A33F8161E271C9A0033A93B /* SMTConstants.m */,
			);
			name = Base;
			sourceTree = "<group>";
		};
		4AD252081E260DBD006477A7 /* App */ = {
			isa = PBXGroup;
			children = (
				26A3DCB31E25F56300E666EC /* AppDelegate.h */,
				26A3DCB41E25F56300E666EC /* AppDelegate.m */,
				26A3DCBE1E25F56300E666EC /* Info.plist */,
			);
			name = App;
			sourceTree = "<group>";
		};
/* End PBXGroup section */

/* Begin PBXNativeTarget section */
		26A3DCAF1E25F56300E666EC /* SynthUI */ = {
			isa = PBXNativeTarget;
			buildConfigurationList = 26A3DCC11E25F56300E666EC /* Build configuration list for PBXNativeTarget "SynthUI" */;
			buildPhases = (
				26A3DCAC1E25F56300E666EC /* Sources */,
				26A3DCAD1E25F56300E666EC /* Frameworks */,
				26A3DCAE1E25F56300E666EC /* Resources */,
			);
			buildRules = (
			);
			dependencies = (
			);
			name = SynthUI;
			productName = SynthUI;
			productReference = 26A3DCB01E25F56300E666EC /* SynthUI.app */;
			productType = "com.apple.product-type.application";
		};
/* End PBXNativeTarget section */

/* Begin PBXProject section */
		26A3DCA81E25F56300E666EC /* Project object */ = {
			isa = PBXProject;
			attributes = {
				LastUpgradeCheck = 0820;
				ORGANIZATIONNAME = Sommaht;
				TargetAttributes = {
					26A3DCAF1E25F56300E666EC = {
						CreatedOnToolsVersion = 8.2.1;
						DevelopmentTeam = 2C2PMAPW3B;
						ProvisioningStyle = Automatic;
					};
				};
			};
			buildConfigurationList = 26A3DCAB1E25F56300E666EC /* Build configuration list for PBXProject "SynthUI" */;
			compatibilityVersion = "Xcode 3.2";
			developmentRegion = English;
			hasScannedForEncodings = 0;
			knownRegions = (
				en,
				Base,
			);
			mainGroup = 26A3DCA71E25F56300E666EC;
			productRefGroup = 26A3DCB11E25F56300E666EC /* Products */;
			projectDirPath = "";
			projectRoot = "";
			targets = (
				26A3DCAF1E25F56300E666EC /* SynthUI */,
			);
		};
/* End PBXProject section */

/* Begin PBXResourcesBuildPhase section */
		26A3DCAE1E25F56300E666EC /* Resources */ = {
			isa = PBXResourcesBuildPhase;
			buildActionMask = 2147483647;
			files = (
				4A33F8641E298D490033A93B /* fader_with_shadow.png in Resources */,
				4A33F8541E298C2F0033A93B /* knob_dark_mid_2x(1x128).png in Resources */,
				4A33F8551E298C2F0033A93B /* knob_dark_small_2x(1x128).png in Resources */,
				268EF2141E2DA58A00A90297 /* knob_big_scale.png in Resources */,
				4A33F8411E2859750033A93B /* knob_light_small_2x(1x128).png in Resources */,
				4A33F84E1E298B370033A93B /* button_small_orange.png in Resources */,
				4A33F8531E298C2F0033A93B /* knob_dark_big_2x(1x128).png in Resources */,
				4A33F8651E298D490033A93B /* scale.png in Resources */,
				4A33F84D1E298B370033A93B /* button_big_orange.png in Resources */,
				26A3DCBA1E25F56300E666EC /* Assets.xcassets in Resources */,
				268EF2151E2DA58A00A90297 /* knob_mid_scale.png in Resources */,
				4A33F8111E270C2F0033A93B /* button_big.png in Resources */,
				26A3DCBD1E25F56300E666EC /* MainMenu.xib in Resources */,
				4A33F85B1E298CC20033A93B /* led_hover.png in Resources */,
				4A33F8601E298CCE0033A93B /* fader_with_shadow_dark.png in Resources */,
				4A33F8401E2859750033A93B /* knob_light_mid_2x(1x128).png in Resources */,
				4A33F84F1E298B370033A93B /* button_small.png in Resources */,
				4A33F83F1E2859750033A93B /* knob_light_big_2x(1x128).png in Resources */,
				4A33F85D1E298CC20033A93B /* led_on.png in Resources */,
				4A33F85C1E298CC20033A93B /* led_off.png in Resources */,
				4A33F8611E298CCE0033A93B /* scale_dark.png in Resources */,
			);
			runOnlyForDeploymentPostprocessing = 0;
		};
/* End PBXResourcesBuildPhase section */

/* Begin PBXSourcesBuildPhase section */
		26A3DCAC1E25F56300E666EC /* Sources */ = {
			isa = PBXSourcesBuildPhase;
			buildActionMask = 2147483647;
			files = (
				4A33F8311E2841F70033A93B /* SMTPageFiltersView.m in Sources */,
				4A33F83B1E2856A40033A93B /* SMTSpriteCell.m in Sources */,
				4A33F8281E28416E0033A93B /* SMTPageKeyboardView.m in Sources */,
				4A33F82E1E2841E20033A93B /* SMTPageModulationView.m in Sources */,
				4A33F80F1E26EC410033A93B /* SMTButtonCell.m in Sources */,
				4A33F8381E2851310033A93B /* SMTControlKnob.m in Sources */,
				4A33F8251E2827A20033A93B /* SMTSynthView.m in Sources */,
				26A3DCC61E25F56E00E666EC /* MiniSynthView.m in Sources */,
				4A33F8341E2842020033A93B /* SMTPageFxView.m in Sources */,
				4A33F80C1E26EB850033A93B /* SMTButton.m in Sources */,
				26A3DCB81E25F56300E666EC /* main.m in Sources */,
				26A3DCCA1E25F94E00E666EC /* SMTHeaderView.m in Sources */,
				4A33F8171E271C9A0033A93B /* SMTConstants.m in Sources */,
				4A33F82B1E2841B80033A93B /* SMTPageOscillatorsView.m in Sources */,
				26A3DCB51E25F56300E666EC /* AppDelegate.m in Sources */,
			);
			runOnlyForDeploymentPostprocessing = 0;
		};
/* End PBXSourcesBuildPhase section */

/* Begin PBXVariantGroup section */
		26A3DCBB1E25F56300E666EC /* MainMenu.xib */ = {
			isa = PBXVariantGroup;
			children = (
				26A3DCBC1E25F56300E666EC /* Base */,
			);
			name = MainMenu.xib;
			sourceTree = "<group>";
		};
/* End PBXVariantGroup section */

/* Begin XCBuildConfiguration section */
		26A3DCBF1E25F56300E666EC /* Debug */ = {
			isa = XCBuildConfiguration;
			buildSettings = {
				ALWAYS_SEARCH_USER_PATHS = NO;
				CLANG_ANALYZER_NONNULL = YES;
				CLANG_CXX_LANGUAGE_STANDARD = "gnu++0x";
				CLANG_CXX_LIBRARY = "libc++";
				CLANG_ENABLE_MODULES = YES;
				CLANG_ENABLE_OBJC_ARC = YES;
				CLANG_WARN_BOOL_CONVERSION = YES;
				CLANG_WARN_CONSTANT_CONVERSION = YES;
				CLANG_WARN_DIRECT_OBJC_ISA_USAGE = YES_ERROR;
				CLANG_WARN_DOCUMENTATION_COMMENTS = YES;
				CLANG_WARN_EMPTY_BODY = YES;
				CLANG_WARN_ENUM_CONVERSION = YES;
				CLANG_WARN_INFINITE_RECURSION = YES;
				CLANG_WARN_INT_CONVERSION = YES;
				CLANG_WARN_OBJC_ROOT_CLASS = YES_ERROR;
				CLANG_WARN_SUSPICIOUS_MOVE = YES;
				CLANG_WARN_UNREACHABLE_CODE = YES;
				CLANG_WARN__DUPLICATE_METHOD_MATCH = YES;
				CODE_SIGN_IDENTITY = "-";
				COPY_PHASE_STRIP = NO;
				DEBUG_INFORMATION_FORMAT = dwarf;
				ENABLE_STRICT_OBJC_MSGSEND = YES;
				ENABLE_TESTABILITY = YES;
				GCC_C_LANGUAGE_STANDARD = gnu99;
				GCC_DYNAMIC_NO_PIC = NO;
				GCC_NO_COMMON_BLOCKS = YES;
				GCC_OPTIMIZATION_LEVEL = 0;
				GCC_PREPROCESSOR_DEFINITIONS = (
					"DEBUG=1",
					"$(inherited)",
				);
				GCC_WARN_64_TO_32_BIT_CONVERSION = YES;
				GCC_WARN_ABOUT_RETURN_TYPE = YES_ERROR;
				GCC_WARN_UNDECLARED_SELECTOR = YES;
				GCC_WARN_UNINITIALIZED_AUTOS = YES_AGGRESSIVE;
				GCC_WARN_UNUSED_FUNCTION = YES;
				GCC_WARN_UNUSED_VARIABLE = YES;
				MACOSX_DEPLOYMENT_TARGET = 10.12;
				MTL_ENABLE_DEBUG_INFO = YES;
				ONLY_ACTIVE_ARCH = YES;
				SDKROOT = macosx;
			};
			name = Debug;
		};
		26A3DCC01E25F56300E666EC /* Release */ = {
			isa = XCBuildConfiguration;
			buildSettings = {
				ALWAYS_SEARCH_USER_PATHS = NO;
				CLANG_ANALYZER_NONNULL = YES;
				CLANG_CXX_LANGUAGE_STANDARD = "gnu++0x";
				CLANG_CXX_LIBRARY = "libc++";
				CLANG_ENABLE_MODULES = YES;
				CLANG_ENABLE_OBJC_ARC = YES;
				CLANG_WARN_BOOL_CONVERSION = YES;
				CLANG_WARN_CONSTANT_CONVERSION = YES;
				CLANG_WARN_DIRECT_OBJC_ISA_USAGE = YES_ERROR;
				CLANG_WARN_DOCUMENTATION_COMMENTS = YES;
				CLANG_WARN_EMPTY_BODY = YES;
				CLANG_WARN_ENUM_CONVERSION = YES;
				CLANG_WARN_INFINITE_RECURSION = YES;
				CLANG_WARN_INT_CONVERSION = YES;
				CLANG_WARN_OBJC_ROOT_CLASS = YES_ERROR;
				CLANG_WARN_SUSPICIOUS_MOVE = YES;
				CLANG_WARN_UNREACHABLE_CODE = YES;
				CLANG_WARN__DUPLICATE_METHOD_MATCH = YES;
				CODE_SIGN_IDENTITY = "-";
				COPY_PHASE_STRIP = NO;
				DEBUG_INFORMATION_FORMAT = "dwarf-with-dsym";
				ENABLE_NS_ASSERTIONS = NO;
				ENABLE_STRICT_OBJC_MSGSEND = YES;
				GCC_C_LANGUAGE_STANDARD = gnu99;
				GCC_NO_COMMON_BLOCKS = YES;
				GCC_WARN_64_TO_32_BIT_CONVERSION = YES;
				GCC_WARN_ABOUT_RETURN_TYPE = YES_ERROR;
				GCC_WARN_UNDECLARED_SELECTOR = YES;
				GCC_WARN_UNINITIALIZED_AUTOS = YES_AGGRESSIVE;
				GCC_WARN_UNUSED_FUNCTION = YES;
				GCC_WARN_UNUSED_VARIABLE = YES;
				MACOSX_DEPLOYMENT_TARGET = 10.12;
				MTL_ENABLE_DEBUG_INFO = NO;
				SDKROOT = macosx;
			};
			name = Release;
		};
		26A3DCC21E25F56300E666EC /* Debug */ = {
			isa = XCBuildConfiguration;
			buildSettings = {
				ASSETCATALOG_COMPILER_APPICON_NAME = AppIcon;
				CODE_SIGN_IDENTITY = "";
				COMBINE_HIDPI_IMAGES = YES;
				DEVELOPMENT_TEAM = 2C2PMAPW3B;
				INFOPLIST_FILE = SynthUI/Info.plist;
				LD_RUNPATH_SEARCH_PATHS = "$(inherited) @executable_path/../Frameworks";
				PRODUCT_BUNDLE_IDENTIFIER = com.Sommaht.SynthUI;
				PRODUCT_NAME = "$(TARGET_NAME)";
			};
			name = Debug;
		};
		26A3DCC31E25F56300E666EC /* Release */ = {
			isa = XCBuildConfiguration;
			buildSettings = {
				ASSETCATALOG_COMPILER_APPICON_NAME = AppIcon;
				CODE_SIGN_IDENTITY = "";
				COMBINE_HIDPI_IMAGES = YES;
				DEVELOPMENT_TEAM = 2C2PMAPW3B;
				INFOPLIST_FILE = SynthUI/Info.plist;
				LD_RUNPATH_SEARCH_PATHS = "$(inherited) @executable_path/../Frameworks";
				PRODUCT_BUNDLE_IDENTIFIER = com.Sommaht.SynthUI;
				PRODUCT_NAME = "$(TARGET_NAME)";
			};
			name = Release;
		};
/* End XCBuildConfiguration section */

/* Begin XCConfigurationList section */
		26A3DCAB1E25F56300E666EC /* Build configuration list for PBXProject "SynthUI" */ = {
			isa = XCConfigurationList;
			buildConfigurations = (
				26A3DCBF1E25F56300E666EC /* Debug */,
				26A3DCC01E25F56300E666EC /* Release */,
			);
			defaultConfigurationIsVisible = 0;
			defaultConfigurationName = Release;
		};
		26A3DCC11E25F56300E666EC /* Build configuration list for PBXNativeTarget "SynthUI" */ = {
			isa = XCConfigurationList;
			buildConfigurations = (
				26A3DCC21E25F56300E666EC /* Debug */,
				26A3DCC31E25F56300E666EC /* Release */,
			);
			defaultConfigurationIsVisible = 0;
			defaultConfigurationName = Release;
		};
/* End XCConfigurationList section */
	};
	rootObject = 26A3DCA81E25F56300E666EC /* Project object */;
}
